<?xml version="1.0" encoding="utf-8"?>
<Project xmlns="http://schemas.microsoft.com/developer/msbuild/2003">
  <ItemGroup>
    <Filter Include="Form Files">
      <UniqueIdentifier>{99349809-55BA-4b9d-BF79-8FDBB0286EB3}</UniqueIdentifier>
      <Extensions>ui</Extensions>
      <ParseFiles>false</ParseFiles>
    </Filter>
    <Filter Include="Form Files">
      <UniqueIdentifier>{99349809-55BA-4b9d-BF79-8FDBB0286EB3}</UniqueIdentifier>
      <Extensions>ui</Extensions>
      <ParseFiles>false</ParseFiles>
    </Filter>
    <Filter Include="Generated Files">
      <UniqueIdentifier>{71ED8ED8-ACB9-4CE9-BBE1-E00B30144E11}</UniqueIdentifier>
      <Extensions>cpp;c;cxx;moc;h;def;odl;idl;res;</Extensions>
    </Filter>
    <Filter Include="Generated Files">
      <UniqueIdentifier>{71ED8ED8-ACB9-4CE9-BBE1-E00B30144E11}</UniqueIdentifier>
      <Extensions>cpp;c;cxx;moc;h;def;odl;idl;res;</Extensions>
    </Filter>
    <Filter Include="Header Files">
      <UniqueIdentifier>{93995380-89BD-4b04-88EB-625FBE52EBFB}</UniqueIdentifier>
      <Extensions>h;hpp;hxx;hm;inl;inc;xsd</Extensions>
    </Filter>
    <Filter Include="Header Files">
      <UniqueIdentifier>{93995380-89BD-4b04-88EB-625FBE52EBFB}</UniqueIdentifier>
      <Extensions>h;hpp;hxx;hm;inl;inc;xsd</Extensions>
    </Filter>
    <Filter Include="Source Files">
      <UniqueIdentifier>{4FC737F1-C7A5-4376-A066-2A32D752A2FF}</UniqueIdentifier>
      <Extensions>cpp;c;cxx;def;odl;idl;hpj;bat;asm;asmx</Extensions>
    </Filter>
    <Filter Include="Source Files">
      <UniqueIdentifier>{4FC737F1-C7A5-4376-A066-2A32D752A2FF}</UniqueIdentifier>
      <Extensions>cpp;c;cxx;def;odl;idl;hpj;bat;asm;asmx</Extensions>
    </Filter>
  </ItemGroup>
  <ItemGroup>
    <ClCompile Include="apropos.cpp">
      <Filter>Source Files</Filter>
    </ClCompile>
    <ClCompile Include="biblio.cpp">
      <Filter>Source Files</Filter>
    </ClCompile>
    <ClCompile Include="bibliotheque.cpp">
      <Filter>Source Files</Filter>
    </ClCompile>
    <ClCompile Include="fentr.cpp">
      <Filter>Source Files</Filter>
    </ClCompile>
    <ClCompile Include="fonctions.cpp">
      <Filter>Source Files</Filter>
    </ClCompile>
    <ClCompile Include="frequentiel.cpp">
      <Filter>Source Files</Filter>
    </ClCompile>
    <ClCompile Include="histogramme.cpp">
      <Filter>Source Files</Filter>
    </ClCompile>
    <ClCompile Include="main.cpp">
      <Filter>Source Files</Filter>
    </ClCompile>
    <ClCompile Include="traitement.cpp">
      <Filter>Source Files</Filter>
    </ClCompile>
    <ClCompile Include="universimple.cpp">
      <Filter>Source Files</Filter>
    </ClCompile>
  </ItemGroup>
  <ItemGroup>
    <QtMoc Include="apropos.h">
      <Filter>Header Files</Filter>
    </QtMoc>
    <ClInclude Include="biblio.h">
      <Filter>Header Files</Filter>
    </ClInclude>
    <QtMoc Include="bibliotheque.h">
      <Filter>Header Files</Filter>
    </QtMoc>
    <QtMoc Include="fentr.h">
      <Filter>Header Files</Filter>
    </QtMoc>
    <ClInclude Include="fonctions.h">
      <Filter>Header Files</Filter>
    </ClInclude>
    <QtMoc Include="frequentiel.h">
      <Filter>Header Files</Filter>
    </QtMoc>
    <QtMoc Include="histogramme.h">
      <Filter>Header Files</Filter>
    </QtMoc>
    <QtMoc Include="traitement.h">
      <Filter>Header Files</Filter>
    </QtMoc>
    <QtMoc Include="universimple.h">
      <Filter>Header Files</Filter>
    </QtMoc>
  </ItemGroup>
  <ItemGroup>
    
    
    
    
    
    
    
    
    
    
    <CustomBuild Include="debug\moc_predefs.h.cbt">
      <Filter>Generated Files</Filter>
    </CustomBuild>
    <CustomBuild Include="release\moc_predefs.h.cbt">
      <Filter>Generated Files</Filter>
    </CustomBuild>
    
    
    
    
    
    
    
    
    
    
    
  </ItemGroup>
  <ItemGroup>
    <QtUic Include="apropos.ui">
      <Filter>Form Files</Filter>
    </QtUic>
    <QtUic Include="bibliotheque.ui">
      <Filter>Form Files</Filter>
    </QtUic>
    <QtUic Include="fentr.ui">
      <Filter>Form Files</Filter>
    </QtUic>
    <QtUic Include="frequentiel.ui">
      <Filter>Form Files</Filter>
    </QtUic>
    <QtUic Include="histogramme.ui">
      <Filter>Form Files</Filter>
    </QtUic>
    <QtUic Include="traitement.ui">
      <Filter>Form Files</Filter>
    </QtUic>
    <QtUic Include="universimple.ui">
      <Filter>Form Files</Filter>
    </QtUic>
  </ItemGroup>
</Project>